
Microsoft Visual Studio Solution File, Format Version 12.00
# Visual Studio Version 16
VisualStudioVersion = 16.0.30503.244
MinimumVisualStudioVersion = 10.0.40219.1
Project("{FAE04EC0-301F-11D3-BF4B-00C04F79EFBC}") = "SportsStore.Domain", "SportsStore.Domain\SportsStore.Domain.csproj", "{9DF0B8F8-2B52-4A69-B528-C689F003A6FA}"
EndProject
Project("{FAE04EC0-301F-11D3-BF4B-00C04F79EFBC}") = "SportsStore.WebUI", "SportsStore.WebUI\SportsStore.WebUI.csproj", "{27317705-7B13-43BE-A8E2-7615601E091C}"
EndProject
Project("{FAE04EC0-301F-11D3-BF4B-00C04F79EFBC}") = "SportsStore.UnitTests", "SportsStore.UnitTests\SportsStore.UnitTests.csproj", "{C8C8E83E-BE7E-42E8-BDBC-159357ADF483}"
EndProject
Global
	GlobalSection(SolutionConfigurationPlatforms) = preSolution
		Debug|Any CPU = Debug|Any CPU
		Release|Any CPU = Release|Any CPU
	EndGlobalSection
	GlobalSection(ProjectConfigurationPlatforms) = postSolution
		{9DF0B8F8-2B52-4A69-B528-C689F003A6FA}.Debug|Any CPU.ActiveCfg = Debug|Any CPU
		{9DF0B8F8-2B52-4A69-B528-C689F003A6FA}.Debug|Any CPU.Build.0 = Debug|Any CPU
		{9DF0B8F8-2B52-4A69-B528-C689F003A6FA}.Release|Any CPU.ActiveCfg = Release|Any CPU
		{9DF0B8F8-2B52-4A69-B528-C689F003A6FA}.Release|Any CPU.Build.0 = Release|Any CPU
		{27317705-7B13-43BE-A8E2-7615601E091C}.Debug|Any CPU.ActiveCfg = Debug|Any CPU
		{27317705-7B13-43BE-A8E2-7615601E091C}.Debug|Any CPU.Build.0 = Debug|Any CPU
		{27317705-7B13-43BE-A8E2-7615601E091C}.Release|Any CPU.ActiveCfg = Release|Any CPU
		{27317705-7B13-43BE-A8E2-7615601E091C}.Release|Any CPU.Build.0 = Release|Any CPU
		{C8C8E83E-BE7E-42E8-BDBC-159357ADF483}.Debug|Any CPU.ActiveCfg = Debug|Any CPU
		{C8C8E83E-BE7E-42E8-BDBC-159357ADF483}.Debug|Any CPU.Build.0 = Debug|Any CPU
		{C8C8E83E-BE7E-42E8-BDBC-159357ADF483}.Release|Any CPU.ActiveCfg = Release|Any CPU
		{C8C8E83E-BE7E-42E8-BDBC-159357ADF483}.Release|Any CPU.Build.0 = Release|Any CPU
	EndGlobalSection
	GlobalSection(SolutionProperties) = preSolution
		HideSolutionNode = FALSE
	EndGlobalSection
	GlobalSection(ExtensibilityGlobals) = postSolution
		SolutionGuid = {BDBD617B-2A40-48EE-BFED-87384B129B51}
	EndGlobalSection
EndGlobal
